{
  "name": "concordialang-healer",
  "version": "1.0.5-alpha.0",
  "lockfileVersion": 1,
  "requires": true,
  "dependencies": {
    "@types/node": {
      "version": "8.10.66",
      "resolved": "https://registry.npmjs.org/@types/node/-/node-8.10.66.tgz",
      "integrity": "sha512-tktOkFUA4kXx2hhhrB8bIFb5TbwzS4uOhKEmwiD+NoiL0qtP2OQ9mFldbgD4dV1djrlBYP6eBuQZiWjuHUpqFw=="
    },
    "concordialang-plugin": {
      "version": "1.3.1",
      "resolved": "https://registry.npmjs.org/concordialang-plugin/-/concordialang-plugin-1.3.1.tgz",
      "integrity": "sha512-Y2p8Z37snV4Ic5jn8GpVvHSlAnihWWGDPrgg0ibKlJ1kfgr3ul4WAxLWkfGWzO97aBCS09Q3AA5PXbi4UfLDJg==",
      "requires": {
        "@types/node": "^8.10.66",
        "concordialang-types": "^2.1.6"
      }
    },
    "concordialang-types": {
      "version": "2.1.6",
      "resolved": "https://registry.npmjs.org/concordialang-types/-/concordialang-types-2.1.6.tgz",
      "integrity": "sha512-OGQmcQ0MKCIwCIU36PKq6gga1hq3f/uXt8nP4IppHyWdUiwJabwWCIBPiq+Saw5GGkGxPhuDFMSebKNg/yQ3zw=="
    }
  }
}
